// !$*UTF8*$!
{
	archiveVersion = 1;
	classes = {
	};
	objectVersion = 77;
	objects = {

/* Begin PBXContainerItemProxy section */
		4FDEFD432D7B039C00203467 /* PBXContainerItemProxy */ = {
			isa = PBXContainerItemProxy;
			containerPortal = 4FDEFD2A2D7B039A00203467 /* Project object */;
			proxyType = 1;
			remoteGlobalIDString = 4FDEFD312D7B039A00203467;
			remoteInfo = GitFlowPractice;
		};
		4FDEFD4D2D7B039C00203467 /* PBXContainerItemProxy */ = {
			isa = PBXContainerItemProxy;
			containerPortal = 4FDEFD2A2D7B039A00203467 /* Project object */;
			proxyType = 1;
			remoteGlobalIDString = 4FDEFD312D7B039A00203467;
			remoteInfo = GitFlowPractice;
		};
/* End PBXContainerItemProxy section */

/* Begin PBXFileReference section */
		4FDEFD322D7B039A00203467 /* GitFlowPractice.app */ = {isa = PBXFileReference; explicitFileType = wrapper.application; includeInIndex = 0; path = GitFlowPractice.app; sourceTree = BUILT_PRODUCTS_DIR; };
		4FDEFD422D7B039C00203467 /* GitFlowPracticeTests.xctest */ = {isa = PBXFileReference; explicitFileType = wrapper.cfbundle; includeInIndex = 0; path = GitFlowPracticeTests.xctest; sourceTree = BUILT_PRODUCTS_DIR; };
		4FDEFD4C2D7B039C00203467 /* GitFlowPracticeUITests.xctest */ = {isa = PBXFileReference; explicitFileType = wrapper.cfbundle; includeInIndex = 0; path = GitFlowPracticeUITests.xctest; sourceTree = BUILT_PRODUCTS_DIR; };
/* End PBXFileReference section */

/* Begin PBXFileSystemSynchronizedRootGroup section */
		4FDEFD342D7B039A00203467 /* GitFlowPractice */ = {
			isa = PBXFileSystemSynchronizedRootGroup;
			path = GitFlowPractice;
			sourceTree = "<group>";
		};
		4FDEFD452D7B039C00203467 /* GitFlowPracticeTests */ = {
			isa = PBXFileSystemSynchronizedRootGroup;
			path = GitFlowPracticeTests;
			sourceTree = "<group>";
		};
		4FDEFD4F2D7B039C00203467 /* GitFlowPracticeUITests */ = {
			isa = PBXFileSystemSynchronizedRootGroup;
			path = GitFlowPracticeUITests;
			sourceTree = "<group>";
		};
/* End PBXFileSystemSynchronizedRootGroup section */

/* Begin PBXFrameworksBuildPhase section */
		4FDEFD2F2D7B039A00203467 /* Frameworks */ = {
			isa = PBXFrameworksBuildPhase;
			buildActionMask = 2147483647;
			files = (
			);
			runOnlyForDeploymentPostprocessing = 0;
		};
		4FDEFD3F2D7B039C00203467 /* Frameworks */ = {
			isa = PBXFrameworksBuildPhase;
			buildActionMask = 2147483647;
			files = (
			);
			runOnlyForDeploymentPostprocessing = 0;
		};
		4FDEFD492D7B039C00203467 /* Frameworks */ = {
			isa = PBXFrameworksBuildPhase;
			buildActionMask = 2147483647;
			files = (
			);
			runOnlyForDeploymentPostprocessing = 0;
		};
/* End PBXFrameworksBuildPhase section */

/* Begin PBXGroup section */
		4FDEFD292D7B039A00203467 = {
			isa = PBXGroup;
			children = (
				4FDEFD342D7B039A00203467 /* GitFlowPractice */,
				4FDEFD452D7B039C00203467 /* GitFlowPracticeTests */,
				4FDEFD4F2D7B039C00203467 /* GitFlowPracticeUITests */,
				4FDEFD332D7B039A00203467 /* Products */,
			);
			sourceTree = "<group>";
		};
		4FDEFD332D7B039A00203467 /* Products */ = {
			isa = PBXGroup;
			children = (
				4FDEFD322D7B039A00203467 /* GitFlowPractice.app */,
				4FDEFD422D7B039C00203467 /* GitFlowPracticeTests.xctest */,
				4FDEFD4C2D7B039C00203467 /* GitFlowPracticeUITests.xctest */,
			);
			name = Products;
			sourceTree = "<group>";
		};
/* End PBXGroup section */

/* Begin PBXNativeTarget section */
		4FDEFD312D7B039A00203467 /* GitFlowPractice */ = {
			isa = PBXNativeTarget;
			buildConfigurationList = 4FDEFD562D7B039C00203467 /* Build configuration list for PBXNativeTarget "GitFlowPractice" */;
			buildPhases = (
				4FDEFD2E2D7B039A00203467 /* Sources */,
				4FDEFD2F2D7B039A00203467 /* Frameworks */,
				4FDEFD302D7B039A00203467 /* Resources */,
			);
			buildRules = (
			);
			dependencies = (
			);
			fileSystemSynchronizedGroups = (
				4FDEFD342D7B039A00203467 /* GitFlowPractice */,
			);
			name = GitFlowPractice;
			packageProductDependencies = (
			);
			productName = GitFlowPractice;
			productReference = 4FDEFD322D7B039A00203467 /* GitFlowPractice.app */;
			productType = "com.apple.product-type.application";
		};
		4FDEFD412D7B039C00203467 /* GitFlowPracticeTests */ = {
			isa = PBXNativeTarget;
			buildConfigurationList = 4FDEFD592D7B039C00203467 /* Build configuration list for PBXNativeTarget "GitFlowPracticeTests" */;
			buildPhases = (
				4FDEFD3E2D7B039C00203467 /* Sources */,
				4FDEFD3F2D7B039C00203467 /* Frameworks */,
				4FDEFD402D7B039C00203467 /* Resources */,
			);
			buildRules = (
			);
			dependencies = (
				4FDEFD442D7B039C00203467 /* PBXTargetDependency */,
			);
			fileSystemSynchronizedGroups = (
				4FDEFD452D7B039C00203467 /* GitFlowPracticeTests */,
			);
			name = GitFlowPracticeTests;
			packageProductDependencies = (
			);
			productName = GitFlowPracticeTests;
			productReference = 4FDEFD422D7B039C00203467 /* GitFlowPracticeTests.xctest */;
			productType = "com.apple.product-type.bundle.unit-test";
		};
		4FDEFD4B2D7B039C00203467 /* GitFlowPracticeUITests */ = {
			isa = PBXNativeTarget;
			buildConfigurationList = 4FDEFD5C2D7B039C00203467 /* Build configuration list for PBXNativeTarget "GitFlowPracticeUITests" */;
			buildPhases = (
				4FDEFD482D7B039C00203467 /* Sources */,
				4FDEFD492D7B039C00203467 /* Frameworks */,
				4FDEFD4A2D7B039C00203467 /* Resources */,
			);
			buildRules = (
			);
			dependencies = (
				4FDEFD4E2D7B039C00203467 /* PBXTargetDependency */,
			);
			fileSystemSynchronizedGroups = (
				4FDEFD4F2D7B039C00203467 /* GitFlowPracticeUITests */,
			);
			name = GitFlowPracticeUITests;
			packageProductDependencies = (
			);
			productName = GitFlowPracticeUITests;
			productReference = 4FDEFD4C2D7B039C00203467 /* GitFlowPracticeUITests.xctest */;
			productType = "com.apple.product-type.bundle.ui-testing";
		};
/* End PBXNativeTarget section */

/* Begin PBXProject section */
		4FDEFD2A2D7B039A00203467 /* Project object */ = {
			isa = PBXProject;
			attributes = {
				BuildIndependentTargetsInParallel = 1;
				LastSwiftUpdateCheck = 1620;
				LastUpgradeCheck = 1620;
				TargetAttributes = {
					4FDEFD312D7B039A00203467 = {
						CreatedOnToolsVersion = 16.2;
					};
					4FDEFD412D7B039C00203467 = {
						CreatedOnToolsVersion = 16.2;
						TestTargetID = 4FDEFD312D7B039A00203467;
					};
					4FDEFD4B2D7B039C00203467 = {
						CreatedOnToolsVersion = 16.2;
						TestTargetID = 4FDEFD312D7B039A00203467;
					};
				};
			};
			buildConfigurationList = 4FDEFD2D2D7B039A00203467 /* Build configuration list for PBXProject "GitFlowPractice" */;
			developmentRegion = en;
			hasScannedForEncodings = 0;
			knownRegions = (
				en,
				Base,
			);
			mainGroup = 4FDEFD292D7B039A00203467;
			minimizedProjectReferenceProxies = 1;
			preferredProjectObjectVersion = 77;
			productRefGroup = 4FDEFD332D7B039A00203467 /* Products */;
			projectDirPath = "";
			projectRoot = "";
			targets = (
				4FDEFD312D7B039A00203467 /* GitFlowPractice */,
				4FDEFD412D7B039C00203467 /* GitFlowPracticeTests */,
				4FDEFD4B2D7B039C00203467 /* GitFlowPracticeUITests */,
			);
		};
/* End PBXProject section */

/* Begin PBXResourcesBuildPhase section */
		4FDEFD302D7B039A00203467 /* Resources */ = {
			isa = PBXResourcesBuildPhase;
			buildActionMask = 2147483647;
			files = (
			);
			runOnlyForDeploymentPostprocessing = 0;
		};
		4FDEFD402D7B039C00203467 /* Resources */ = {
			isa = PBXResourcesBuildPhase;
			buildActionMask = 2147483647;
			files = (
			);
			runOnlyForDeploymentPostprocessing = 0;
		};
		4FDEFD4A2D7B039C00203467 /* Resources */ = {
			isa = PBXResourcesBuildPhase;
			buildActionMask = 2147483647;
			files = (
			);
			runOnlyForDeploymentPostprocessing = 0;
		};
/* End PBXResourcesBuildPhase section */

/* Begin PBXSourcesBuildPhase section */
		4FDEFD2E2D7B039A00203467 /* Sources */ = {
			isa = PBXSourcesBuildPhase;
			buildActionMask = 2147483647;
			files = (
			);
			runOnlyForDeploymentPostprocessing = 0;
		};
		4FDEFD3E2D7B039C00203467 /* Sources */ = {
			isa = PBXSourcesBuildPhase;
			buildActionMask = 2147483647;
			files = (
			);
			runOnlyForDeploymentPostprocessing = 0;
		};
		4FDEFD482D7B039C00203467 /* Sources */ = {
			isa = PBXSourcesBuildPhase;
			buildActionMask = 2147483647;
			files = (
			);
			runOnlyForDeploymentPostprocessing = 0;
		};
/* End PBXSourcesBuildPhase section */

/* Begin PBXTargetDependency section */
		4FDEFD442D7B039C00203467 /* PBXTargetDependency */ = {
			isa = PBXTargetDependency;
			target = 4FDEFD312D7B039A00203467 /* GitFlowPractice */;
			targetProxy = 4FDEFD432D7B039C00203467 /* PBXContainerItemProxy */;
		};
		4FDEFD4E2D7B039C00203467 /* PBXTargetDependency */ = {
			isa = PBXTargetDependency;
			target = 4FDEFD312D7B039A00203467 /* GitFlowPractice */;
			targetProxy = 4FDEFD4D2D7B039C00203467 /* PBXContainerItemProxy */;
		};
/* End PBXTargetDependency section */

/* Begin XCBuildConfiguration section */
		4FDEFD542D7B039C00203467 /* Debug */ = {
			isa = XCBuildConfiguration;
			buildSettings = {
				ALWAYS_SEARCH_USER_PATHS = NO;
				ASSETCATALOG_COMPILER_GENERATE_SWIFT_ASSET_SYMBOL_EXTENSIONS = YES;
				CLANG_ANALYZER_NONNULL = YES;
				CLANG_ANALYZER_NUMBER_OBJECT_CONVERSION = YES_AGGRESSIVE;
				CLANG_CXX_LANGUAGE_STANDARD = "gnu++20";
				CLANG_ENABLE_MODULES = YES;
				CLANG_ENABLE_OBJC_ARC = YES;
				CLANG_ENABLE_OBJC_WEAK = YES;
				CLANG_WARN_BLOCK_CAPTURE_AUTORELEASING = YES;
				CLANG_WARN_BOOL_CONVERSION = YES;
				CLANG_WARN_COMMA = YES;
				CLANG_WARN_CONSTANT_CONVERSION = YES;
				CLANG_WARN_DEPRECATED_OBJC_IMPLEMENTATIONS = YES;
				CLANG_WARN_DIRECT_OBJC_ISA_USAGE = YES_ERROR;
				CLANG_WARN_DOCUMENTATION_COMMENTS = YES;
				CLANG_WARN_EMPTY_BODY = YES;
				CLANG_WARN_ENUM_CONVERSION = YES;
				CLANG_WARN_INFINITE_RECURSION = YES;
				CLANG_WARN_INT_CONVERSION = YES;
				CLANG_WARN_NON_LITERAL_NULL_CONVERSION = YES;
				CLANG_WARN_OBJC_IMPLICIT_RETAIN_SELF = YES;
				CLANG_WARN_OBJC_LITERAL_CONVERSION = YES;
				CLANG_WARN_OBJC_ROOT_CLASS = YES_ERROR;
				CLANG_WARN_QUOTED_INCLUDE_IN_FRAMEWORK_HEADER = YES;
				CLANG_WARN_RANGE_LOOP_ANALYSIS = YES;
				CLANG_WARN_STRICT_PROTOTYPES = YES;
				CLANG_WARN_SUSPICIOUS_MOVE = YES;
				CLANG_WARN_UNGUARDED_AVAILABILITY = YES_AGGRESSIVE;
				CLANG_WARN_UNREACHABLE_CODE = YES;
				CLANG_WARN__DUPLICATE_METHOD_MATCH = YES;
				COPY_PHASE_STRIP = NO;
				DEBUG_INFORMATION_FORMAT = dwarf;
				ENABLE_STRICT_OBJC_MSGSEND = YES;
				ENABLE_TESTABILITY = YES;
				ENABLE_USER_SCRIPT_SANDBOXING = YES;
				GCC_C_LANGUAGE_STANDARD = gnu17;
				GCC_DYNAMIC_NO_PIC = NO;
				GCC_NO_COMMON_BLOCKS = YES;
				GCC_OPTIMIZATION_LEVEL = 0;
				GCC_PREPROCESSOR_DEFINITIONS = (
					"DEBUG=1",
					"$(inherited)",
				);
				GCC_WARN_64_TO_32_BIT_CONVERSION = YES;
				GCC_WARN_ABOUT_RETURN_TYPE = YES_ERROR;
				GCC_WARN_UNDECLARED_SELECTOR = YES;
				GCC_WARN_UNINITIALIZED_AUTOS = YES_AGGRESSIVE;
				GCC_WARN_UNUSED_FUNCTION = YES;
				GCC_WARN_UNUSED_VARIABLE = YES;
				IPHONEOS_DEPLOYMENT_TARGET = 18.2;
				LOCALIZATION_PREFERS_STRING_CATALOGS = YES;
				MTL_ENABLE_DEBUG_INFO = INCLUDE_SOURCE;
				MTL_FAST_MATH = YES;
				ONLY_ACTIVE_ARCH = YES;
				SDKROOT = iphoneos;
				SWIFT_ACTIVE_COMPILATION_CONDITIONS = "DEBUG $(inherited)";
				SWIFT_OPTIMIZATION_LEVEL = "-Onone";
			};
			name = Debug;
		};
		4FDEFD552D7B039C00203467 /* Release */ = {
			isa = XCBuildConfiguration;
			buildSettings = {
				ALWAYS_SEARCH_USER_PATHS = NO;
				ASSETCATALOG_COMPILER_GENERATE_SWIFT_ASSET_SYMBOL_EXTENSIONS = YES;
				CLANG_ANALYZER_NONNULL = YES;
				CLANG_ANALYZER_NUMBER_OBJECT_CONVERSION = YES_AGGRESSIVE;
				CLANG_CXX_LANGUAGE_STANDARD = "gnu++20";
				CLANG_ENABLE_MODULES = YES;
				CLANG_ENABLE_OBJC_ARC = YES;
				CLANG_ENABLE_OBJC_WEAK = YES;
				CLANG_WARN_BLOCK_CAPTURE_AUTORELEASING = YES;
				CLANG_WARN_BOOL_CONVERSION = YES;
				CLANG_WARN_COMMA = YES;
				CLANG_WARN_CONSTANT_CONVERSION = YES;
				CLANG_WARN_DEPRECATED_OBJC_IMPLEMENTATIONS = YES;
				CLANG_WARN_DIRECT_OBJC_ISA_USAGE = YES_ERROR;
				CLANG_WARN_DOCUMENTATION_COMMENTS = YES;
				CLANG_WARN_EMPTY_BODY = YES;
				CLANG_WARN_ENUM_CONVERSION = YES;
				CLANG_WARN_INFINITE_RECURSION = YES;
				CLANG_WARN_INT_CONVERSION = YES;
				CLANG_WARN_NON_LITERAL_NULL_CONVERSION = YES;
				CLANG_WARN_OBJC_IMPLICIT_RETAIN_SELF = YES;
				CLANG_WARN_OBJC_LITERAL_CONVERSION = YES;
				CLANG_WARN_OBJC_ROOT_CLASS = YES_ERROR;
				CLANG_WARN_QUOTED_INCLUDE_IN_FRAMEWORK_HEADER = YES;
				CLANG_WARN_RANGE_LOOP_ANALYSIS = YES;
				CLANG_WARN_STRICT_PROTOTYPES = YES;
				CLANG_WARN_SUSPICIOUS_MOVE = YES;
				CLANG_WARN_UNGUARDED_AVAILABILITY = YES_AGGRESSIVE;
				CLANG_WARN_UNREACHABLE_CODE = YES;
				CLANG_WARN__DUPLICATE_METHOD_MATCH = YES;
				COPY_PHASE_STRIP = NO;
				DEBUG_INFORMATION_FORMAT = "dwarf-with-dsym";
				ENABLE_NS_ASSERTIONS = NO;
				ENABLE_STRICT_OBJC_MSGSEND = YES;
				ENABLE_USER_SCRIPT_SANDBOXING = YES;
				GCC_C_LANGUAGE_STANDARD = gnu17;
				GCC_NO_COMMON_BLOCKS = YES;
				GCC_WARN_64_TO_32_BIT_CONVERSION = YES;
				GCC_WARN_ABOUT_RETURN_TYPE = YES_ERROR;
				GCC_WARN_UNDECLARED_SELECTOR = YES;
				GCC_WARN_UNINITIALIZED_AUTOS = YES_AGGRESSIVE;
				GCC_WARN_UNUSED_FUNCTION = YES;
				GCC_WARN_UNUSED_VARIABLE = YES;
				IPHONEOS_DEPLOYMENT_TARGET = 18.2;
				LOCALIZATION_PREFERS_STRING_CATALOGS = YES;
				MTL_ENABLE_DEBUG_INFO = NO;
				MTL_FAST_MATH = YES;
				SDKROOT = iphoneos;
				SWIFT_COMPILATION_MODE = wholemodule;
				VALIDATE_PRODUCT = YES;
			};
			name = Release;
		};
		4FDEFD572D7B039C00203467 /* Debug */ = {
			isa = XCBuildConfiguration;
			buildSettings = {
				ASSETCATALOG_COMPILER_APPICON_NAME = AppIcon;
				ASSETCATALOG_COMPILER_GLOBAL_ACCENT_COLOR_NAME = AccentColor;
				CODE_SIGN_STYLE = Automatic;
				CURRENT_PROJECT_VERSION = 2;
				DEVELOPMENT_ASSET_PATHS = "\"GitFlowPractice/Preview Content\"";
				DEVELOPMENT_TEAM = 5YJ9NPM7MQ;
				ENABLE_PREVIEWS = YES;
				GENERATE_INFOPLIST_FILE = YES;
				INFOPLIST_KEY_UIApplicationSceneManifest_Generation = YES;
				INFOPLIST_KEY_UIApplicationSupportsIndirectInputEvents = YES;
				INFOPLIST_KEY_UILaunchScreen_Generation = YES;
				INFOPLIST_KEY_UISupportedInterfaceOrientations_iPad = "UIInterfaceOrientationPortrait UIInterfaceOrientationPortraitUpsideDown UIInterfaceOrientationLandscapeLeft UIInterfaceOrientationLandscapeRight";
				INFOPLIST_KEY_UISupportedInterfaceOrientations_iPhone = "UIInterfaceOrientationPortrait UIInterfaceOrientationLandscapeLeft UIInterfaceOrientationLandscapeRight";
				LD_RUNPATH_SEARCH_PATHS = (
					"$(inherited)",
					"@executable_path/Frameworks",
				);
				MARKETING_VERSION = 2.0.0;
				PRODUCT_BUNDLE_IDENTIFIER = com.fenominall.GitFlowPractice;
				PRODUCT_NAME = "$(TARGET_NAME)";
				SWIFT_EMIT_LOC_STRINGS = YES;
				SWIFT_VERSION = 5.0;
				TARGETED_DEVICE_FAMILY = "1,2";
			};
			name = Debug;
		};
		4FDEFD582D7B039C00203467 /* Release */ = {
			isa = XCBuildConfiguration;
			buildSettings = {
				ASSETCATALOG_COMPILER_APPICON_NAME = AppIcon;
				ASSETCATALOG_COMPILER_GLOBAL_ACCENT_COLOR_NAME = AccentColor;
				CODE_SIGN_STYLE = Automatic;
				CURRENT_PROJECT_VERSION = 2;
				DEVELOPMENT_ASSET_PATHS = "\"GitFlowPractice/Preview Content\"";
				DEVELOPMENT_TEAM = 5YJ9NPM7MQ;
				ENABLE_PREVIEWS = YES;
				GENERATE_INFOPLIST_FILE = YES;
				INFOPLIST_KEY_UIApplicationSceneManifest_Generation = YES;
				INFOPLIST_KEY_UIApplicationSupportsIndirectInputEvents = YES;
				INFOPLIST_KEY_UILaunchScreen_Generation = YES;
				INFOPLIST_KEY_UISupportedInterfaceOrientations_iPad = "UIInterfaceOrientationPortrait UIInterfaceOrientationPortraitUpsideDown UIInterfaceOrientationLandscapeLeft UIInterfaceOrientationLandscapeRight";
				INFOPLIST_KEY_UISupportedInterfaceOrientations_iPhone = "UIInterfaceOrientationPortrait UIInterfaceOrientationLandscapeLeft UIInterfaceOrientationLandscapeRight";
				LD_RUNPATH_SEARCH_PATHS = (
					"$(inherited)",
					"@executable_path/Frameworks",
				);
				MARKETING_VERSION = 2.0.0;
				PRODUCT_BUNDLE_IDENTIFIER = com.fenominall.GitFlowPractice;
				PRODUCT_NAME = "$(TARGET_NAME)";
				SWIFT_EMIT_LOC_STRINGS = YES;
				SWIFT_VERSION = 5.0;
				TARGETED_DEVICE_FAMILY = "1,2";
			};
			name = Release;
		};
		4FDEFD5A2D7B039C00203467 /* Debug */ = {
			isa = XCBuildConfiguration;
			buildSettings = {
				BUNDLE_LOADER = "$(TEST_HOST)";
				CODE_SIGN_STYLE = Automatic;
				CURRENT_PROJECT_VERSION = 1;
				DEVELOPMENT_TEAM = 5YJ9NPM7MQ;
				GENERATE_INFOPLIST_FILE = YES;
				IPHONEOS_DEPLOYMENT_TARGET = 18.2;
				MARKETING_VERSION = 1.0;
				PRODUCT_BUNDLE_IDENTIFIER = com.fenominall.GitFlowPracticeTests;
				PRODUCT_NAME = "$(TARGET_NAME)";
				SWIFT_EMIT_LOC_STRINGS = NO;
				SWIFT_VERSION = 5.0;
				TARGETED_DEVICE_FAMILY = "1,2";
				TEST_HOST = "$(BUILT_PRODUCTS_DIR)/GitFlowPractice.app/$(BUNDLE_EXECUTABLE_FOLDER_PATH)/GitFlowPractice";
			};
			name = Debug;
		};
		4FDEFD5B2D7B039C00203467 /* Release */ = {
			isa = XCBuildConfiguration;
			buildSettings = {
				BUNDLE_LOADER = "$(TEST_HOST)";
				CODE_SIGN_STYLE = Automatic;
				CURRENT_PROJECT_VERSION = 1;
				DEVELOPMENT_TEAM = 5YJ9NPM7MQ;
				GENERATE_INFOPLIST_FILE = YES;
				IPHONEOS_DEPLOYMENT_TARGET = 18.2;
				MARKETING_VERSION = 1.0;
				PRODUCT_BUNDLE_IDENTIFIER = com.fenominall.GitFlowPracticeTests;
				PRODUCT_NAME = "$(TARGET_NAME)";
				SWIFT_EMIT_LOC_STRINGS = NO;
				SWIFT_VERSION = 5.0;
				TARGETED_DEVICE_FAMILY = "1,2";
				TEST_HOST = "$(BUILT_PRODUCTS_DIR)/GitFlowPractice.app/$(BUNDLE_EXECUTABLE_FOLDER_PATH)/GitFlowPractice";
			};
			name = Release;
		};
		4FDEFD5D2D7B039C00203467 /* Debug */ = {
			isa = XCBuildConfiguration;
			buildSettings = {
				CODE_SIGN_STYLE = Automatic;
				CURRENT_PROJECT_VERSION = 1;
				DEVELOPMENT_TEAM = 5YJ9NPM7MQ;
				GENERATE_INFOPLIST_FILE = YES;
				MARKETING_VERSION = 1.0;
				PRODUCT_BUNDLE_IDENTIFIER = com.fenominall.GitFlowPracticeUITests;
				PRODUCT_NAME = "$(TARGET_NAME)";
				SWIFT_EMIT_LOC_STRINGS = NO;
				SWIFT_VERSION = 5.0;
				TARGETED_DEVICE_FAMILY = "1,2";
				TEST_TARGET_NAME = GitFlowPractice;
			};
			name = Debug;
		};
		4FDEFD5E2D7B039C00203467 /* Release */ = {
			isa = XCBuildConfiguration;
			buildSettings = {
				CODE_SIGN_STYLE = Automatic;
				CURRENT_PROJECT_VERSION = 1;
				DEVELOPMENT_TEAM = 5YJ9NPM7MQ;
				GENERATE_INFOPLIST_FILE = YES;
				MARKETING_VERSION = 1.0;
				PRODUCT_BUNDLE_IDENTIFIER = com.fenominall.GitFlowPracticeUITests;
				PRODUCT_NAME = "$(TARGET_NAME)";
				SWIFT_EMIT_LOC_STRINGS = NO;
				SWIFT_VERSION = 5.0;
				TARGETED_DEVICE_FAMILY = "1,2";
				TEST_TARGET_NAME = GitFlowPractice;
			};
			name = Release;
		};
/* End XCBuildConfiguration section */

/* Begin XCConfigurationList section */
		4FDEFD2D2D7B039A00203467 /* Build configuration list for PBXProject "GitFlowPractice" */ = {
			isa = XCConfigurationList;
			buildConfigurations = (
				4FDEFD542D7B039C00203467 /* Debug */,
				4FDEFD552D7B039C00203467 /* Release */,
			);
			defaultConfigurationIsVisible = 0;
			defaultConfigurationName = Release;
		};
		4FDEFD562D7B039C00203467 /* Build configuration list for PBXNativeTarget "GitFlowPractice" */ = {
			isa = XCConfigurationList;
			buildConfigurations = (
				4FDEFD572D7B039C00203467 /* Debug */,
				4FDEFD582D7B039C00203467 /* Release */,
			);
			defaultConfigurationIsVisible = 0;
			defaultConfigurationName = Release;
		};
		4FDEFD592D7B039C00203467 /* Build configuration list for PBXNativeTarget "GitFlowPracticeTests" */ = {
			isa = XCConfigurationList;
			buildConfigurations = (
				4FDEFD5A2D7B039C00203467 /* Debug */,
				4FDEFD5B2D7B039C00203467 /* Release */,
			);
			defaultConfigurationIsVisible = 0;
			defaultConfigurationName = Release;
		};
		4FDEFD5C2D7B039C00203467 /* Build configuration list for PBXNativeTarget "GitFlowPracticeUITests" */ = {
			isa = XCConfigurationList;
			buildConfigurations = (
				4FDEFD5D2D7B039C00203467 /* Debug */,
				4FDEFD5E2D7B039C00203467 /* Release */,
			);
			defaultConfigurationIsVisible = 0;
			defaultConfigurationName = Release;
		};
/* End XCConfigurationList section */
	};
	rootObject = 4FDEFD2A2D7B039A00203467 /* Project object */;
}
